// !$*UTF8*$!
{
	archiveVersion = 1;
	classes = {
	};
	objectVersion = 51;
	objects = {

/* Begin PBXBuildFile section */
		062A1A38245F4B2A00E95CDE /* AppDelegate.swift in Sources */ = {isa = PBXBuildFile; fileRef = 062A1A37245F4B2A00E95CDE /* AppDelegate.swift */; };
		062A1A3A245F4B2A00E95CDE /* SceneDelegate.swift in Sources */ = {isa = PBXBuildFile; fileRef = 062A1A39245F4B2A00E95CDE /* SceneDelegate.swift */; };
		062A1A3C245F4B2A00E95CDE /* RecipesListViewController.swift in Sources */ = {isa = PBXBuildFile; fileRef = 062A1A3B245F4B2A00E95CDE /* RecipesListViewController.swift */; };
		062A1A3E245F4B2A00E95CDE /* RecipesMakerViewController.swift in Sources */ = {isa = PBXBuildFile; fileRef = 062A1A3D245F4B2A00E95CDE /* RecipesMakerViewController.swift */; };
		062A1A41245F4B2A00E95CDE /* Main.storyboard in Resources */ = {isa = PBXBuildFile; fileRef = 062A1A3F245F4B2A00E95CDE /* Main.storyboard */; };
		062A1A43245F4B2D00E95CDE /* Assets.xcassets in Resources */ = {isa = PBXBuildFile; fileRef = 062A1A42245F4B2D00E95CDE /* Assets.xcassets */; };
		062A1A46245F4B2D00E95CDE /* LaunchScreen.storyboard in Resources */ = {isa = PBXBuildFile; fileRef = 062A1A44245F4B2D00E95CDE /* LaunchScreen.storyboard */; };
		062A1A51245F4B2D00E95CDE /* PersonalRecipesTests.swift in Sources */ = {isa = PBXBuildFile; fileRef = 062A1A50245F4B2D00E95CDE /* PersonalRecipesTests.swift */; };
		062A1A5C245F4FAB00E95CDE /* RecipesList.storyboard in Resources */ = {isa = PBXBuildFile; fileRef = 062A1A5B245F4FAB00E95CDE /* RecipesList.storyboard */; };
		062A1A6B246023E500E95CDE /* Current.swift in Sources */ = {isa = PBXBuildFile; fileRef = 062A1A6A246023E500E95CDE /* Current.swift */; };
		062A1A7C24602C6400E95CDE /* APIClient.swift in Sources */ = {isa = PBXBuildFile; fileRef = 062A1A7724602C6400E95CDE /* APIClient.swift */; };
		062A1A7D24602C6400E95CDE /* RecipesRequest.swift in Sources */ = {isa = PBXBuildFile; fileRef = 062A1A7824602C6400E95CDE /* RecipesRequest.swift */; };
		062A1A7E24602C6400E95CDE /* APIRequest.swift in Sources */ = {isa = PBXBuildFile; fileRef = 062A1A7924602C6400E95CDE /* APIRequest.swift */; };
		062A1A7F24602C6400E95CDE /* Recipe.swift in Sources */ = {isa = PBXBuildFile; fileRef = 062A1A7B24602C6400E95CDE /* Recipe.swift */; };
		062A1A86246049FC00E95CDE /* RecipesDetailViewController.swift in Sources */ = {isa = PBXBuildFile; fileRef = 062A1A84246049FC00E95CDE /* RecipesDetailViewController.swift */; };
		062A1A87246049FC00E95CDE /* RecipesDetailViewController.xib in Resources */ = {isa = PBXBuildFile; fileRef = 062A1A85246049FC00E95CDE /* RecipesDetailViewController.xib */; };
		062A1A892460752C00E95CDE /* ObservableImage.swift in Sources */ = {isa = PBXBuildFile; fileRef = 062A1A882460752C00E95CDE /* ObservableImage.swift */; };
		4BD4205040F729EE4946D6FA /* Pods_PersonalRecipes.framework in Frameworks */ = {isa = PBXBuildFile; fileRef = 2110B8E5DD6D77018CD84189 /* Pods_PersonalRecipes.framework */; };
		51FB85D27CD27B85523EFED8 /* Pods_PersonalRecipesTests.framework in Frameworks */ = {isa = PBXBuildFile; fileRef = 0CDBACCA1227C8B20AF6F767 /* Pods_PersonalRecipesTests.framework */; };
/* End PBXBuildFile section */

/* Begin PBXContainerItemProxy section */
		062A1A4D245F4B2D00E95CDE /* PBXContainerItemProxy */ = {
			isa = PBXContainerItemProxy;
			containerPortal = 062A1A2C245F4B2900E95CDE /* Project object */;
			proxyType = 1;
			remoteGlobalIDString = 062A1A33245F4B2A00E95CDE;
			remoteInfo = personalRecipes;
		};
/* End PBXContainerItemProxy section */

/* Begin PBXFileReference section */
		062A1A34245F4B2A00E95CDE /* PersonalRecipes.app */ = {isa = PBXFileReference; explicitFileType = wrapper.application; includeInIndex = 0; path = PersonalRecipes.app; sourceTree = BUILT_PRODUCTS_DIR; };
		062A1A37245F4B2A00E95CDE /* AppDelegate.swift */ = {isa = PBXFileReference; lastKnownFileType = sourcecode.swift; path = AppDelegate.swift; sourceTree = "<group>"; };
		062A1A39245F4B2A00E95CDE /* SceneDelegate.swift */ = {isa = PBXFileReference; lastKnownFileType = sourcecode.swift; path = SceneDelegate.swift; sourceTree = "<group>"; };
		062A1A3B245F4B2A00E95CDE /* RecipesListViewController.swift */ = {isa = PBXFileReference; lastKnownFileType = sourcecode.swift; path = RecipesListViewController.swift; sourceTree = "<group>"; };
		062A1A3D245F4B2A00E95CDE /* RecipesMakerViewController.swift */ = {isa = PBXFileReference; lastKnownFileType = sourcecode.swift; path = RecipesMakerViewController.swift; sourceTree = "<group>"; };
		062A1A40245F4B2A00E95CDE /* Base */ = {isa = PBXFileReference; lastKnownFileType = file.storyboard; name = Base; path = Base.lproj/Main.storyboard; sourceTree = "<group>"; };
		062A1A42245F4B2D00E95CDE /* Assets.xcassets */ = {isa = PBXFileReference; lastKnownFileType = folder.assetcatalog; path = Assets.xcassets; sourceTree = "<group>"; };
		062A1A45245F4B2D00E95CDE /* Base */ = {isa = PBXFileReference; lastKnownFileType = file.storyboard; name = Base; path = Base.lproj/LaunchScreen.storyboard; sourceTree = "<group>"; };
		062A1A47245F4B2D00E95CDE /* Info.plist */ = {isa = PBXFileReference; lastKnownFileType = text.plist.xml; path = Info.plist; sourceTree = "<group>"; };
		062A1A4C245F4B2D00E95CDE /* PersonalRecipesTests.xctest */ = {isa = PBXFileReference; explicitFileType = wrapper.cfbundle; includeInIndex = 0; path = PersonalRecipesTests.xctest; sourceTree = BUILT_PRODUCTS_DIR; };
		062A1A50245F4B2D00E95CDE /* PersonalRecipesTests.swift */ = {isa = PBXFileReference; lastKnownFileType = sourcecode.swift; path = PersonalRecipesTests.swift; sourceTree = "<group>"; };
		062A1A52245F4B2D00E95CDE /* Info.plist */ = {isa = PBXFileReference; lastKnownFileType = text.plist.xml; path = Info.plist; sourceTree = "<group>"; };
		062A1A5B245F4FAB00E95CDE /* RecipesList.storyboard */ = {isa = PBXFileReference; lastKnownFileType = file.storyboard; path = RecipesList.storyboard; sourceTree = "<group>"; };
		062A1A6A246023E500E95CDE /* Current.swift */ = {isa = PBXFileReference; lastKnownFileType = sourcecode.swift; path = Current.swift; sourceTree = "<group>"; };
		062A1A7724602C6400E95CDE /* APIClient.swift */ = {isa = PBXFileReference; fileEncoding = 4; lastKnownFileType = sourcecode.swift; path = APIClient.swift; sourceTree = "<group>"; };
		062A1A7824602C6400E95CDE /* RecipesRequest.swift */ = {isa = PBXFileReference; fileEncoding = 4; lastKnownFileType = sourcecode.swift; path = RecipesRequest.swift; sourceTree = "<group>"; };
		062A1A7924602C6400E95CDE /* APIRequest.swift */ = {isa = PBXFileReference; fileEncoding = 4; lastKnownFileType = sourcecode.swift; path = APIRequest.swift; sourceTree = "<group>"; };
		062A1A7B24602C6400E95CDE /* Recipe.swift */ = {isa = PBXFileReference; fileEncoding = 4; lastKnownFileType = sourcecode.swift; path = Recipe.swift; sourceTree = "<group>"; };
		062A1A84246049FC00E95CDE /* RecipesDetailViewController.swift */ = {isa = PBXFileReference; lastKnownFileType = sourcecode.swift; path = RecipesDetailViewController.swift; sourceTree = "<group>"; };
		062A1A85246049FC00E95CDE /* RecipesDetailViewController.xib */ = {isa = PBXFileReference; lastKnownFileType = file.xib; path = RecipesDetailViewController.xib; sourceTree = "<group>"; };
		062A1A882460752C00E95CDE /* ObservableImage.swift */ = {isa = PBXFileReference; lastKnownFileType = sourcecode.swift; path = ObservableImage.swift; sourceTree = "<group>"; };
		0CDBACCA1227C8B20AF6F767 /* Pods_PersonalRecipesTests.framework */ = {isa = PBXFileReference; explicitFileType = wrapper.framework; includeInIndex = 0; path = Pods_PersonalRecipesTests.framework; sourceTree = BUILT_PRODUCTS_DIR; };
		2110B8E5DD6D77018CD84189 /* Pods_PersonalRecipes.framework */ = {isa = PBXFileReference; explicitFileType = wrapper.framework; includeInIndex = 0; path = Pods_PersonalRecipes.framework; sourceTree = BUILT_PRODUCTS_DIR; };
		7C40268A8F851D6B8369263F /* Pods-PersonalRecipesTests.debug.xcconfig */ = {isa = PBXFileReference; includeInIndex = 1; lastKnownFileType = text.xcconfig; name = "Pods-PersonalRecipesTests.debug.xcconfig"; path = "Target Support Files/Pods-PersonalRecipesTests/Pods-PersonalRecipesTests.debug.xcconfig"; sourceTree = "<group>"; };
		9F51DFC9E7B94CE014ADE0C2 /* Pods-PersonalRecipes.debug.xcconfig */ = {isa = PBXFileReference; includeInIndex = 1; lastKnownFileType = text.xcconfig; name = "Pods-PersonalRecipes.debug.xcconfig"; path = "Target Support Files/Pods-PersonalRecipes/Pods-PersonalRecipes.debug.xcconfig"; sourceTree = "<group>"; };
		C8292C24DA7FAC6DEFF197CB /* Pods-PersonalRecipes.release.xcconfig */ = {isa = PBXFileReference; includeInIndex = 1; lastKnownFileType = text.xcconfig; name = "Pods-PersonalRecipes.release.xcconfig"; path = "Target Support Files/Pods-PersonalRecipes/Pods-PersonalRecipes.release.xcconfig"; sourceTree = "<group>"; };
		E72D62FFF487294418689E33 /* Pods-PersonalRecipesTests.release.xcconfig */ = {isa = PBXFileReference; includeInIndex = 1; lastKnownFileType = text.xcconfig; name = "Pods-PersonalRecipesTests.release.xcconfig"; path = "Target Support Files/Pods-PersonalRecipesTests/Pods-PersonalRecipesTests.release.xcconfig"; sourceTree = "<group>"; };
/* End PBXFileReference section */

/* Begin PBXFrameworksBuildPhase section */
		062A1A31245F4B2A00E95CDE /* Frameworks */ = {
			isa = PBXFrameworksBuildPhase;
			buildActionMask = 2147483647;
			files = (
				4BD4205040F729EE4946D6FA /* Pods_PersonalRecipes.framework in Frameworks */,
			);
			runOnlyForDeploymentPostprocessing = 0;
		};
		062A1A49245F4B2D00E95CDE /* Frameworks */ = {
			isa = PBXFrameworksBuildPhase;
			buildActionMask = 2147483647;
			files = (
				51FB85D27CD27B85523EFED8 /* Pods_PersonalRecipesTests.framework in Frameworks */,
			);
			runOnlyForDeploymentPostprocessing = 0;
		};
/* End PBXFrameworksBuildPhase section */

/* Begin PBXGroup section */
		062A1A2B245F4B2900E95CDE = {
			isa = PBXGroup;
			children = (
				062A1A36245F4B2A00E95CDE /* PersonalRecipes */,
				062A1A4F245F4B2D00E95CDE /* PersonalRecipesTests */,
				062A1A35245F4B2A00E95CDE /* Products */,
				A2EB9490C09CD7348C6BDAC4 /* Pods */,
				28EE6FF85C1449D9435F3E35 /* Frameworks */,
			);
			sourceTree = "<group>";
		};
		062A1A35245F4B2A00E95CDE /* Products */ = {
			isa = PBXGroup;
			children = (
				062A1A34245F4B2A00E95CDE /* PersonalRecipes.app */,
				062A1A4C245F4B2D00E95CDE /* PersonalRecipesTests.xctest */,
			);
			name = Products;
			sourceTree = "<group>";
		};
		062A1A36245F4B2A00E95CDE /* PersonalRecipes */ = {
			isa = PBXGroup;
			children = (
				062A1A37245F4B2A00E95CDE /* AppDelegate.swift */,
				062A1A39245F4B2A00E95CDE /* SceneDelegate.swift */,
				062A1A69246023B000E95CDE /* Domain */,
				062A1A5E245F521B00E95CDE /* Views */,
				062A1A5D245F517A00E95CDE /* Controllers */,
				062A1A3F245F4B2A00E95CDE /* Main.storyboard */,
				062A1A42245F4B2D00E95CDE /* Assets.xcassets */,
				062A1A44245F4B2D00E95CDE /* LaunchScreen.storyboard */,
				062A1A47245F4B2D00E95CDE /* Info.plist */,
			);
			path = PersonalRecipes;
			sourceTree = "<group>";
		};
		062A1A4F245F4B2D00E95CDE /* PersonalRecipesTests */ = {
			isa = PBXGroup;
			children = (
				062A1A50245F4B2D00E95CDE /* PersonalRecipesTests.swift */,
				062A1A52245F4B2D00E95CDE /* Info.plist */,
			);
			path = PersonalRecipesTests;
			sourceTree = "<group>";
		};
		062A1A5D245F517A00E95CDE /* Controllers */ = {
			isa = PBXGroup;
			children = (
				062A1A3B245F4B2A00E95CDE /* RecipesListViewController.swift */,
				062A1A3D245F4B2A00E95CDE /* RecipesMakerViewController.swift */,
				062A1A84246049FC00E95CDE /* RecipesDetailViewController.swift */,
			);
			path = Controllers;
			sourceTree = "<group>";
		};
		062A1A5E245F521B00E95CDE /* Views */ = {
			isa = PBXGroup;
			children = (
				062A1A5B245F4FAB00E95CDE /* RecipesList.storyboard */,
				062A1A85246049FC00E95CDE /* RecipesDetailViewController.xib */,
			);
			path = Views;
			sourceTree = "<group>";
		};
		062A1A69246023B000E95CDE /* Domain */ = {
			isa = PBXGroup;
			children = (
				062A1A7A24602C6400E95CDE /* Models */,
				062A1A7624602C6400E95CDE /* Network */,
				062A1A6A246023E500E95CDE /* Current.swift */,
			);
			path = Domain;
			sourceTree = "<group>";
		};
		062A1A7624602C6400E95CDE /* Network */ = {
			isa = PBXGroup;
			children = (
				062A1A7724602C6400E95CDE /* APIClient.swift */,
				062A1A7824602C6400E95CDE /* RecipesRequest.swift */,
				062A1A7924602C6400E95CDE /* APIRequest.swift */,
			);
			path = Network;
			sourceTree = "<group>";
		};
		062A1A7A24602C6400E95CDE /* Models */ = {
			isa = PBXGroup;
			children = (
				062A1A7B24602C6400E95CDE /* Recipe.swift */,
				062A1A882460752C00E95CDE /* ObservableImage.swift */,
			);
			path = Models;
			sourceTree = "<group>";
		};
		28EE6FF85C1449D9435F3E35 /* Frameworks */ = {
			isa = PBXGroup;
			children = (
				2110B8E5DD6D77018CD84189 /* Pods_PersonalRecipes.framework */,
				0CDBACCA1227C8B20AF6F767 /* Pods_PersonalRecipesTests.framework */,
			);
			name = Frameworks;
			sourceTree = "<group>";
		};
		A2EB9490C09CD7348C6BDAC4 /* Pods */ = {
			isa = PBXGroup;
			children = (
				9F51DFC9E7B94CE014ADE0C2 /* Pods-PersonalRecipes.debug.xcconfig */,
				C8292C24DA7FAC6DEFF197CB /* Pods-PersonalRecipes.release.xcconfig */,
				7C40268A8F851D6B8369263F /* Pods-PersonalRecipesTests.debug.xcconfig */,
				E72D62FFF487294418689E33 /* Pods-PersonalRecipesTests.release.xcconfig */,
			);
			path = Pods;
			sourceTree = "<group>";
		};
/* End PBXGroup section */

/* Begin PBXNativeTarget section */
		062A1A33245F4B2A00E95CDE /* PersonalRecipes */ = {
			isa = PBXNativeTarget;
			buildConfigurationList = 062A1A55245F4B2D00E95CDE /* Build configuration list for PBXNativeTarget "PersonalRecipes" */;
			buildPhases = (
				3EF5C795070399F6F2C6E572 /* [CP] Check Pods Manifest.lock */,
				062A1A30245F4B2A00E95CDE /* Sources */,
				062A1A31245F4B2A00E95CDE /* Frameworks */,
				062A1A32245F4B2A00E95CDE /* Resources */,
				740F1454582BC82A7F9FB1CC /* [CP] Embed Pods Frameworks */,
			);
			buildRules = (
			);
			dependencies = (
			);
			name = PersonalRecipes;
			productName = personalRecipes;
			productReference = 062A1A34245F4B2A00E95CDE /* PersonalRecipes.app */;
			productType = "com.apple.product-type.application";
		};
		062A1A4B245F4B2D00E95CDE /* PersonalRecipesTests */ = {
			isa = PBXNativeTarget;
			buildConfigurationList = 062A1A58245F4B2D00E95CDE /* Build configuration list for PBXNativeTarget "PersonalRecipesTests" */;
			buildPhases = (
				A1D8D8AFF84AB44CD686E279 /* [CP] Check Pods Manifest.lock */,
				062A1A48245F4B2D00E95CDE /* Sources */,
				062A1A49245F4B2D00E95CDE /* Frameworks */,
				062A1A4A245F4B2D00E95CDE /* Resources */,
			);
			buildRules = (
			);
			dependencies = (
				062A1A4E245F4B2D00E95CDE /* PBXTargetDependency */,
			);
			name = PersonalRecipesTests;
			productName = personalRecipesTests;
			productReference = 062A1A4C245F4B2D00E95CDE /* PersonalRecipesTests.xctest */;
			productType = "com.apple.product-type.bundle.unit-test";
		};
/* End PBXNativeTarget section */

/* Begin PBXProject section */
		062A1A2C245F4B2900E95CDE /* Project object */ = {
			isa = PBXProject;
			attributes = {
				LastSwiftUpdateCheck = 1130;
				LastUpgradeCheck = 1130;
				ORGANIZATIONNAME = jginerafatimagc.com;
				TargetAttributes = {
					062A1A33245F4B2A00E95CDE = {
						CreatedOnToolsVersion = 11.3.1;
					};
					062A1A4B245F4B2D00E95CDE = {
						CreatedOnToolsVersion = 11.3.1;
						TestTargetID = 062A1A33245F4B2A00E95CDE;
					};
				};
			};
			buildConfigurationList = 062A1A2F245F4B2900E95CDE /* Build configuration list for PBXProject "PersonalRecipes" */;
			compatibilityVersion = "Xcode 9.3";
			developmentRegion = en;
			hasScannedForEncodings = 0;
			knownRegions = (
				en,
				Base,
			);
			mainGroup = 062A1A2B245F4B2900E95CDE;
			productRefGroup = 062A1A35245F4B2A00E95CDE /* Products */;
			projectDirPath = "";
			projectRoot = "";
			targets = (
				062A1A33245F4B2A00E95CDE /* PersonalRecipes */,
				062A1A4B245F4B2D00E95CDE /* PersonalRecipesTests */,
			);
		};
/* End PBXProject section */

/* Begin PBXResourcesBuildPhase section */
		062A1A32245F4B2A00E95CDE /* Resources */ = {
			isa = PBXResourcesBuildPhase;
			buildActionMask = 2147483647;
			files = (
				062A1A46245F4B2D00E95CDE /* LaunchScreen.storyboard in Resources */,
				062A1A87246049FC00E95CDE /* RecipesDetailViewController.xib in Resources */,
				062A1A5C245F4FAB00E95CDE /* RecipesList.storyboard in Resources */,
				062A1A43245F4B2D00E95CDE /* Assets.xcassets in Resources */,
				062A1A41245F4B2A00E95CDE /* Main.storyboard in Resources */,
			);
			runOnlyForDeploymentPostprocessing = 0;
		};
		062A1A4A245F4B2D00E95CDE /* Resources */ = {
			isa = PBXResourcesBuildPhase;
			buildActionMask = 2147483647;
			files = (
			);
			runOnlyForDeploymentPostprocessing = 0;
		};
/* End PBXResourcesBuildPhase section */

/* Begin PBXShellScriptBuildPhase section */
		3EF5C795070399F6F2C6E572 /* [CP] Check Pods Manifest.lock */ = {
			isa = PBXShellScriptBuildPhase;
			buildActionMask = 2147483647;
			files = (
			);
			inputFileListPaths = (
			);
			inputPaths = (
				"${PODS_PODFILE_DIR_PATH}/Podfile.lock",
				"${PODS_ROOT}/Manifest.lock",
			);
			name = "[CP] Check Pods Manifest.lock";
			outputFileListPaths = (
			);
			outputPaths = (
				"$(DERIVED_FILE_DIR)/Pods-PersonalRecipes-checkManifestLockResult.txt",
			);
			runOnlyForDeploymentPostprocessing = 0;
			shellPath = /bin/sh;
			shellScript = "diff \"${PODS_PODFILE_DIR_PATH}/Podfile.lock\" \"${PODS_ROOT}/Manifest.lock\" > /dev/null\nif [ $? != 0 ] ; then\n    # print error to STDERR\n    echo \"error: The sandbox is not in sync with the Podfile.lock. Run 'pod install' or update your CocoaPods installation.\" >&2\n    exit 1\nfi\n# This output is used by Xcode 'outputs' to avoid re-running this script phase.\necho \"SUCCESS\" > \"${SCRIPT_OUTPUT_FILE_0}\"\n";
			showEnvVarsInLog = 0;
		};
		740F1454582BC82A7F9FB1CC /* [CP] Embed Pods Frameworks */ = {
			isa = PBXShellScriptBuildPhase;
			buildActionMask = 2147483647;
			files = (
			);
			inputFileListPaths = (
				"${PODS_ROOT}/Target Support Files/Pods-PersonalRecipes/Pods-PersonalRecipes-frameworks-${CONFIGURATION}-input-files.xcfilelist",
			);
			name = "[CP] Embed Pods Frameworks";
			outputFileListPaths = (
				"${PODS_ROOT}/Target Support Files/Pods-PersonalRecipes/Pods-PersonalRecipes-frameworks-${CONFIGURATION}-output-files.xcfilelist",
			);
			runOnlyForDeploymentPostprocessing = 0;
			shellPath = /bin/sh;
			shellScript = "\"${PODS_ROOT}/Target Support Files/Pods-PersonalRecipes/Pods-PersonalRecipes-frameworks.sh\"\n";
			showEnvVarsInLog = 0;
		};
		A1D8D8AFF84AB44CD686E279 /* [CP] Check Pods Manifest.lock */ = {
			isa = PBXShellScriptBuildPhase;
			buildActionMask = 2147483647;
			files = (
			);
			inputFileListPaths = (
			);
			inputPaths = (
				"${PODS_PODFILE_DIR_PATH}/Podfile.lock",
				"${PODS_ROOT}/Manifest.lock",
			);
			name = "[CP] Check Pods Manifest.lock";
			outputFileListPaths = (
			);
			outputPaths = (
				"$(DERIVED_FILE_DIR)/Pods-PersonalRecipesTests-checkManifestLockResult.txt",
			);
			runOnlyForDeploymentPostprocessing = 0;
			shellPath = /bin/sh;
			shellScript = "diff \"${PODS_PODFILE_DIR_PATH}/Podfile.lock\" \"${PODS_ROOT}/Manifest.lock\" > /dev/null\nif [ $? != 0 ] ; then\n    # print error to STDERR\n    echo \"error: The sandbox is not in sync with the Podfile.lock. Run 'pod install' or update your CocoaPods installation.\" >&2\n    exit 1\nfi\n# This output is used by Xcode 'outputs' to avoid re-running this script phase.\necho \"SUCCESS\" > \"${SCRIPT_OUTPUT_FILE_0}\"\n";
			showEnvVarsInLog = 0;
		};
/* End PBXShellScriptBuildPhase section */

/* Begin PBXSourcesBuildPhase section */
		062A1A30245F4B2A00E95CDE /* Sources */ = {
			isa = PBXSourcesBuildPhase;
			buildActionMask = 2147483647;
			files = (
				062A1A6B246023E500E95CDE /* Current.swift in Sources */,
				062A1A3E245F4B2A00E95CDE /* RecipesMakerViewController.swift in Sources */,
				062A1A3C245F4B2A00E95CDE /* RecipesListViewController.swift in Sources */,
				062A1A38245F4B2A00E95CDE /* AppDelegate.swift in Sources */,
				062A1A3A245F4B2A00E95CDE /* SceneDelegate.swift in Sources */,
				062A1A7D24602C6400E95CDE /* RecipesRequest.swift in Sources */,
				062A1A7F24602C6400E95CDE /* Recipe.swift in Sources */,
				062A1A7E24602C6400E95CDE /* APIRequest.swift in Sources */,
				062A1A7C24602C6400E95CDE /* APIClient.swift in Sources */,
				062A1A892460752C00E95CDE /* ObservableImage.swift in Sources */,
				062A1A86246049FC00E95CDE /* RecipesDetailViewController.swift in Sources */,
			);
			runOnlyForDeploymentPostprocessing = 0;
		};
		062A1A48245F4B2D00E95CDE /* Sources */ = {
			isa = PBXSourcesBuildPhase;
			buildActionMask = 2147483647;
			files = (
				062A1A51245F4B2D00E95CDE /* PersonalRecipesTests.swift in Sources */,
			);
			runOnlyForDeploymentPostprocessing = 0;
		};
/* End PBXSourcesBuildPhase section */

/* Begin PBXTargetDependency section */
		062A1A4E245F4B2D00E95CDE /* PBXTargetDependency */ = {
			isa = PBXTargetDependency;
			target = 062A1A33245F4B2A00E95CDE /* PersonalRecipes */;
			targetProxy = 062A1A4D245F4B2D00E95CDE /* PBXContainerItemProxy */;
		};
/* End PBXTargetDependency section */

/* Begin PBXVariantGroup section */
		062A1A3F245F4B2A00E95CDE /* Main.storyboard */ = {
			isa = PBXVariantGroup;
			children = (
				062A1A40245F4B2A00E95CDE /* Base */,
			);
			name = Main.storyboard;
			sourceTree = "<group>";
		};
		062A1A44245F4B2D00E95CDE /* LaunchScreen.storyboard */ = {
			isa = PBXVariantGroup;
			children = (
				062A1A45245F4B2D00E95CDE /* Base */,
			);
			name = LaunchScreen.storyboard;
			sourceTree = "<group>";
		};
/* End PBXVariantGroup section */

/* Begin XCBuildConfiguration section */
		062A1A53245F4B2D00E95CDE /* Debug */ = {
			isa = XCBuildConfiguration;
			buildSettings = {
				ALWAYS_SEARCH_USER_PATHS = NO;
				CLANG_ANALYZER_NONNULL = YES;
				CLANG_ANALYZER_NUMBER_OBJECT_CONVERSION = YES_AGGRESSIVE;
				CLANG_CXX_LANGUAGE_STANDARD = "gnu++14";
				CLANG_CXX_LIBRARY = "libc++";
				CLANG_ENABLE_MODULES = YES;
				CLANG_ENABLE_OBJC_ARC = YES;
				CLANG_ENABLE_OBJC_WEAK = YES;
				CLANG_WARN_BLOCK_CAPTURE_AUTORELEASING = YES;
				CLANG_WARN_BOOL_CONVERSION = YES;
				CLANG_WARN_COMMA = YES;
				CLANG_WARN_CONSTANT_CONVERSION = YES;
				CLANG_WARN_DEPRECATED_OBJC_IMPLEMENTATIONS = YES;
				CLANG_WARN_DIRECT_OBJC_ISA_USAGE = YES_ERROR;
				CLANG_WARN_DOCUMENTATION_COMMENTS = YES;
				CLANG_WARN_EMPTY_BODY = YES;
				CLANG_WARN_ENUM_CONVERSION = YES;
				CLANG_WARN_INFINITE_RECURSION = YES;
				CLANG_WARN_INT_CONVERSION = YES;
				CLANG_WARN_NON_LITERAL_NULL_CONVERSION = YES;
				CLANG_WARN_OBJC_IMPLICIT_RETAIN_SELF = YES;
				CLANG_WARN_OBJC_LITERAL_CONVERSION = YES;
				CLANG_WARN_OBJC_ROOT_CLASS = YES_ERROR;
				CLANG_WARN_RANGE_LOOP_ANALYSIS = YES;
				CLANG_WARN_STRICT_PROTOTYPES = YES;
				CLANG_WARN_SUSPICIOUS_MOVE = YES;
				CLANG_WARN_UNGUARDED_AVAILABILITY = YES_AGGRESSIVE;
				CLANG_WARN_UNREACHABLE_CODE = YES;
				CLANG_WARN__DUPLICATE_METHOD_MATCH = YES;
				COPY_PHASE_STRIP = NO;
				DEBUG_INFORMATION_FORMAT = dwarf;
				ENABLE_STRICT_OBJC_MSGSEND = YES;
				ENABLE_TESTABILITY = YES;
				GCC_C_LANGUAGE_STANDARD = gnu11;
				GCC_DYNAMIC_NO_PIC = NO;
				GCC_NO_COMMON_BLOCKS = YES;
				GCC_OPTIMIZATION_LEVEL = 0;
				GCC_PREPROCESSOR_DEFINITIONS = (
					"DEBUG=1",
					"$(inherited)",
				);
				GCC_WARN_64_TO_32_BIT_CONVERSION = YES;
				GCC_WARN_ABOUT_RETURN_TYPE = YES_ERROR;
				GCC_WARN_UNDECLARED_SELECTOR = YES;
				GCC_WARN_UNINITIALIZED_AUTOS = YES_AGGRESSIVE;
				GCC_WARN_UNUSED_FUNCTION = YES;
				GCC_WARN_UNUSED_VARIABLE = YES;
				IPHONEOS_DEPLOYMENT_TARGET = 13.2;
				MTL_ENABLE_DEBUG_INFO = INCLUDE_SOURCE;
				MTL_FAST_MATH = YES;
				ONLY_ACTIVE_ARCH = YES;
				SDKROOT = iphoneos;
				SWIFT_ACTIVE_COMPILATION_CONDITIONS = DEBUG;
				SWIFT_OPTIMIZATION_LEVEL = "-Onone";
			};
			name = Debug;
		};
		062A1A54245F4B2D00E95CDE /* Release */ = {
			isa = XCBuildConfiguration;
			buildSettings = {
				ALWAYS_SEARCH_USER_PATHS = NO;
				CLANG_ANALYZER_NONNULL = YES;
				CLANG_ANALYZER_NUMBER_OBJECT_CONVERSION = YES_AGGRESSIVE;
				CLANG_CXX_LANGUAGE_STANDARD = "gnu++14";
				CLANG_CXX_LIBRARY = "libc++";
				CLANG_ENABLE_MODULES = YES;
				CLANG_ENABLE_OBJC_ARC = YES;
				CLANG_ENABLE_OBJC_WEAK = YES;
				CLANG_WARN_BLOCK_CAPTURE_AUTORELEASING = YES;
				CLANG_WARN_BOOL_CONVERSION = YES;
				CLANG_WARN_COMMA = YES;
				CLANG_WARN_CONSTANT_CONVERSION = YES;
				CLANG_WARN_DEPRECATED_OBJC_IMPLEMENTATIONS = YES;
				CLANG_WARN_DIRECT_OBJC_ISA_USAGE = YES_ERROR;
				CLANG_WARN_DOCUMENTATION_COMMENTS = YES;
				CLANG_WARN_EMPTY_BODY = YES;
				CLANG_WARN_ENUM_CONVERSION = YES;
				CLANG_WARN_INFINITE_RECURSION = YES;
				CLANG_WARN_INT_CONVERSION = YES;
				CLANG_WARN_NON_LITERAL_NULL_CONVERSION = YES;
				CLANG_WARN_OBJC_IMPLICIT_RETAIN_SELF = YES;
				CLANG_WARN_OBJC_LITERAL_CONVERSION = YES;
				CLANG_WARN_OBJC_ROOT_CLASS = YES_ERROR;
				CLANG_WARN_RANGE_LOOP_ANALYSIS = YES;
				CLANG_WARN_STRICT_PROTOTYPES = YES;
				CLANG_WARN_SUSPICIOUS_MOVE = YES;
				CLANG_WARN_UNGUARDED_AVAILABILITY = YES_AGGRESSIVE;
				CLANG_WARN_UNREACHABLE_CODE = YES;
				CLANG_WARN__DUPLICATE_METHOD_MATCH = YES;
				COPY_PHASE_STRIP = NO;
				DEBUG_INFORMATION_FORMAT = "dwarf-with-dsym";
				ENABLE_NS_ASSERTIONS = NO;
				ENABLE_STRICT_OBJC_MSGSEND = YES;
				GCC_C_LANGUAGE_STANDARD = gnu11;
				GCC_NO_COMMON_BLOCKS = YES;
				GCC_WARN_64_TO_32_BIT_CONVERSION = YES;
				GCC_WARN_ABOUT_RETURN_TYPE = YES_ERROR;
				GCC_WARN_UNDECLARED_SELECTOR = YES;
				GCC_WARN_UNINITIALIZED_AUTOS = YES_AGGRESSIVE;
				GCC_WARN_UNUSED_FUNCTION = YES;
				GCC_WARN_UNUSED_VARIABLE = YES;
				IPHONEOS_DEPLOYMENT_TARGET = 13.2;
				MTL_ENABLE_DEBUG_INFO = NO;
				MTL_FAST_MATH = YES;
				SDKROOT = iphoneos;
				SWIFT_COMPILATION_MODE = wholemodule;
				SWIFT_OPTIMIZATION_LEVEL = "-O";
				VALIDATE_PRODUCT = YES;
			};
			name = Release;
		};
		062A1A56245F4B2D00E95CDE /* Debug */ = {
			isa = XCBuildConfiguration;
			baseConfigurationReference = 9F51DFC9E7B94CE014ADE0C2 /* Pods-PersonalRecipes.debug.xcconfig */;
			buildSettings = {
				ASSETCATALOG_COMPILER_APPICON_NAME = AppIcon;
				CODE_SIGN_STYLE = Automatic;
				DEVELOPMENT_TEAM = 764P6D8P9A;
				INFOPLIST_FILE = personalRecipes/Info.plist;
				IPHONEOS_DEPLOYMENT_TARGET = 13.0;
				LD_RUNPATH_SEARCH_PATHS = (
					"$(inherited)",
					"@executable_path/Frameworks",
				);
				PRODUCT_BUNDLE_IDENTIFIER = com.jginerafatimagc.personalRecipes;
				PRODUCT_NAME = PersonalRecipes;
				SWIFT_VERSION = 5.0;
				TARGETED_DEVICE_FAMILY = "1,2";
			};
			name = Debug;
		};
		062A1A57245F4B2D00E95CDE /* Release */ = {
			isa = XCBuildConfiguration;
			baseConfigurationReference = C8292C24DA7FAC6DEFF197CB /* Pods-PersonalRecipes.release.xcconfig */;
			buildSettings = {
				ASSETCATALOG_COMPILER_APPICON_NAME = AppIcon;
				CODE_SIGN_STYLE = Automatic;
				DEVELOPMENT_TEAM = 764P6D8P9A;
				INFOPLIST_FILE = personalRecipes/Info.plist;
				IPHONEOS_DEPLOYMENT_TARGET = 13.0;
				LD_RUNPATH_SEARCH_PATHS = (
					"$(inherited)",
					"@executable_path/Frameworks",
				);
				PRODUCT_BUNDLE_IDENTIFIER = com.jginerafatimagc.personalRecipes;
				PRODUCT_NAME = PersonalRecipes;
				SWIFT_VERSION = 5.0;
				TARGETED_DEVICE_FAMILY = "1,2";
			};
			name = Release;
		};
		062A1A59245F4B2D00E95CDE /* Debug */ = {
			isa = XCBuildConfiguration;
			baseConfigurationReference = 7C40268A8F851D6B8369263F /* Pods-PersonalRecipesTests.debug.xcconfig */;
			buildSettings = {
				ALWAYS_EMBED_SWIFT_STANDARD_LIBRARIES = YES;
				BUNDLE_LOADER = "$(TEST_HOST)";
				CODE_SIGN_STYLE = Automatic;
				DEVELOPMENT_TEAM = 764P6D8P9A;
				INFOPLIST_FILE = personalRecipesTests/Info.plist;
				IPHONEOS_DEPLOYMENT_TARGET = 13.2;
				LD_RUNPATH_SEARCH_PATHS = (
					"$(inherited)",
					"@executable_path/Frameworks",
					"@loader_path/Frameworks",
				);
				PRODUCT_BUNDLE_IDENTIFIER = com.jginerafatimagc.personalRecipesTests;
				PRODUCT_NAME = "$(TARGET_NAME)";
				SWIFT_VERSION = 5.0;
				TARGETED_DEVICE_FAMILY = "1,2";
				TEST_HOST = "$(BUILT_PRODUCTS_DIR)/PersonalRecipes.app/PersonalRecipes";
			};
			name = Debug;
		};
		062A1A5A245F4B2D00E95CDE /* Release */ = {
			isa = XCBuildConfiguration;
			baseConfigurationReference = E72D62FFF487294418689E33 /* Pods-PersonalRecipesTests.release.xcconfig */;
			buildSettings = {
				ALWAYS_EMBED_SWIFT_STANDARD_LIBRARIES = YES;
				BUNDLE_LOADER = "$(TEST_HOST)";
				CODE_SIGN_STYLE = Automatic;
				DEVELOPMENT_TEAM = 764P6D8P9A;
				INFOPLIST_FILE = personalRecipesTests/Info.plist;
				IPHONEOS_DEPLOYMENT_TARGET = 13.2;
				LD_RUNPATH_SEARCH_PATHS = (
					"$(inherited)",
					"@executable_path/Frameworks",
					"@loader_path/Frameworks",
				);
				PRODUCT_BUNDLE_IDENTIFIER = com.jginerafatimagc.personalRecipesTests;
				PRODUCT_NAME = "$(TARGET_NAME)";
				SWIFT_VERSION = 5.0;
				TARGETED_DEVICE_FAMILY = "1,2";
				TEST_HOST = "$(BUILT_PRODUCTS_DIR)/PersonalRecipes.app/PersonalRecipes";
			};
			name = Release;
		};
/* End XCBuildConfiguration section */

/* Begin XCConfigurationList section */
		062A1A2F245F4B2900E95CDE /* Build configuration list for PBXProject "PersonalRecipes" */ = {
			isa = XCConfigurationList;
			buildConfigurations = (
				062A1A53245F4B2D00E95CDE /* Debug */,
				062A1A54245F4B2D00E95CDE /* Release */,
			);
			defaultConfigurationIsVisible = 0;
			defaultConfigurationName = Release;
		};
		062A1A55245F4B2D00E95CDE /* Build configuration list for PBXNativeTarget "PersonalRecipes" */ = {
			isa = XCConfigurationList;
			buildConfigurations = (
				062A1A56245F4B2D00E95CDE /* Debug */,
				062A1A57245F4B2D00E95CDE /* Release */,
			);
			defaultConfigurationIsVisible = 0;
			defaultConfigurationName = Release;
		};
		062A1A58245F4B2D00E95CDE /* Build configuration list for PBXNativeTarget "PersonalRecipesTests" */ = {
			isa = XCConfigurationList;
			buildConfigurations = (
				062A1A59245F4B2D00E95CDE /* Debug */,
				062A1A5A245F4B2D00E95CDE /* Release */,
			);
			defaultConfigurationIsVisible = 0;
			defaultConfigurationName = Release;
		};
/* End XCConfigurationList section */
	};
	rootObject = 062A1A2C245F4B2900E95CDE /* Project object */;
}
